
Microsoft Visual Studio Solution File, Format Version 12.00
# Visual Studio Version 17
VisualStudioVersion = 17.12.35707.178
MinimumVisualStudioVersion = 10.0.40219.1
Project("{FAE04EC0-301F-11D3-BF4B-00C04F79EFBC}") = "NotificationService", "Notification Service\NotificationService.csproj", "{A8791EDE-0999-432F-99DC-C2A96BA905E5}"
EndProject
Project("{FAE04EC0-301F-11D3-BF4B-00C04F79EFBC}") = "OrderService", "Order Service\OrderService.csproj", "{844F6781-13C5-462A-803B-51773E27DF33}"
EndProject
Project("{FAE04EC0-301F-11D3-BF4B-00C04F79EFBC}") = "Common", "Common\Common.csproj", "{21B3FDCB-3444-470E-AA28-9402D19D464D}"
EndProject
Project("{FAE04EC0-301F-11D3-BF4B-00C04F79EFBC}") = "AuthenticationService", "Authentication Service\AuthenticationService.csproj", "{977A53C5-565F-40C0-927E-78B8F6C22178}"
EndProject
Global
	GlobalSection(SolutionConfigurationPlatforms) = preSolution
		Debug|Any CPU = Debug|Any CPU
		Release|Any CPU = Release|Any CPU
	EndGlobalSection
	GlobalSection(ProjectConfigurationPlatforms) = postSolution
		{A8791EDE-0999-432F-99DC-C2A96BA905E5}.Debug|Any CPU.ActiveCfg = Debug|Any CPU
		{A8791EDE-0999-432F-99DC-C2A96BA905E5}.Debug|Any CPU.Build.0 = Debug|Any CPU
		{A8791EDE-0999-432F-99DC-C2A96BA905E5}.Release|Any CPU.ActiveCfg = Release|Any CPU
		{A8791EDE-0999-432F-99DC-C2A96BA905E5}.Release|Any CPU.Build.0 = Release|Any CPU
		{844F6781-13C5-462A-803B-51773E27DF33}.Debug|Any CPU.ActiveCfg = Debug|Any CPU
		{844F6781-13C5-462A-803B-51773E27DF33}.Debug|Any CPU.Build.0 = Debug|Any CPU
		{844F6781-13C5-462A-803B-51773E27DF33}.Release|Any CPU.ActiveCfg = Release|Any CPU
		{844F6781-13C5-462A-803B-51773E27DF33}.Release|Any CPU.Build.0 = Release|Any CPU
		{21B3FDCB-3444-470E-AA28-9402D19D464D}.Debug|Any CPU.ActiveCfg = Debug|Any CPU
		{21B3FDCB-3444-470E-AA28-9402D19D464D}.Debug|Any CPU.Build.0 = Debug|Any CPU
		{21B3FDCB-3444-470E-AA28-9402D19D464D}.Release|Any CPU.ActiveCfg = Release|Any CPU
		{21B3FDCB-3444-470E-AA28-9402D19D464D}.Release|Any CPU.Build.0 = Release|Any CPU
		{977A53C5-565F-40C0-927E-78B8F6C22178}.Debug|Any CPU.ActiveCfg = Debug|Any CPU
		{977A53C5-565F-40C0-927E-78B8F6C22178}.Debug|Any CPU.Build.0 = Debug|Any CPU
		{977A53C5-565F-40C0-927E-78B8F6C22178}.Release|Any CPU.ActiveCfg = Release|Any CPU
		{977A53C5-565F-40C0-927E-78B8F6C22178}.Release|Any CPU.Build.0 = Release|Any CPU
	EndGlobalSection
	GlobalSection(SolutionProperties) = preSolution
		HideSolutionNode = FALSE
	EndGlobalSection
EndGlobal
